// !$*UTF8*$!
{
	archiveVersion = 1;
	classes = {
	};
	objectVersion = 50;
	objects = {

/* Begin PBXBuildFile section */
		6244292B2518F3610083995B /* Launch Screen.storyboard in Resources */ = {isa = PBXBuildFile; fileRef = 6244292A2518F3610083995B /* Launch Screen.storyboard */; };
		628A595B2517FABA007EB535 /* SettingsViewController.swift in Sources */ = {isa = PBXBuildFile; fileRef = 628A59592517FABA007EB535 /* SettingsViewController.swift */; };
		628A595C2517FABA007EB535 /* SettingsViewController.xib in Resources */ = {isa = PBXBuildFile; fileRef = 628A595A2517FABA007EB535 /* SettingsViewController.xib */; };
		62A945C72515482400BB4B70 /* AppDelegate.swift in Sources */ = {isa = PBXBuildFile; fileRef = 62A945C62515482400BB4B70 /* AppDelegate.swift */; };
		62A945C92515482400BB4B70 /* SceneDelegate.swift in Sources */ = {isa = PBXBuildFile; fileRef = 62A945C82515482400BB4B70 /* SceneDelegate.swift */; };
		62A945CB2515482400BB4B70 /* ViewController.swift in Sources */ = {isa = PBXBuildFile; fileRef = 62A945CA2515482400BB4B70 /* ViewController.swift */; };
		62A945CE2515482400BB4B70 /* Main.storyboard in Resources */ = {isa = PBXBuildFile; fileRef = 62A945CC2515482400BB4B70 /* Main.storyboard */; };
		62A945D02515482500BB4B70 /* Assets.xcassets in Resources */ = {isa = PBXBuildFile; fileRef = 62A945CF2515482500BB4B70 /* Assets.xcassets */; };
		62A945D32515482500BB4B70 /* LaunchScreen.storyboard in Resources */ = {isa = PBXBuildFile; fileRef = 62A945D12515482500BB4B70 /* LaunchScreen.storyboard */; };
		62A945DE2515482500BB4B70 /* Tip_appTests.swift in Sources */ = {isa = PBXBuildFile; fileRef = 62A945DD2515482500BB4B70 /* Tip_appTests.swift */; };
		62A945E92515482500BB4B70 /* Tip_appUITests.swift in Sources */ = {isa = PBXBuildFile; fileRef = 62A945E82515482500BB4B70 /* Tip_appUITests.swift */; };
/* End PBXBuildFile section */

/* Begin PBXContainerItemProxy section */
		62A945DA2515482500BB4B70 /* PBXContainerItemProxy */ = {
			isa = PBXContainerItemProxy;
			containerPortal = 62A945BB2515482300BB4B70 /* Project object */;
			proxyType = 1;
			remoteGlobalIDString = 62A945C22515482300BB4B70;
			remoteInfo = "Tip app";
		};
		62A945E52515482500BB4B70 /* PBXContainerItemProxy */ = {
			isa = PBXContainerItemProxy;
			containerPortal = 62A945BB2515482300BB4B70 /* Project object */;
			proxyType = 1;
			remoteGlobalIDString = 62A945C22515482300BB4B70;
			remoteInfo = "Tip app";
		};
/* End PBXContainerItemProxy section */

/* Begin PBXFileReference section */
		6244292A2518F3610083995B /* Launch Screen.storyboard */ = {isa = PBXFileReference; lastKnownFileType = file.storyboard; path = "Launch Screen.storyboard"; sourceTree = "<group>"; };
		628A59592517FABA007EB535 /* SettingsViewController.swift */ = {isa = PBXFileReference; lastKnownFileType = sourcecode.swift; path = SettingsViewController.swift; sourceTree = "<group>"; };
		628A595A2517FABA007EB535 /* SettingsViewController.xib */ = {isa = PBXFileReference; lastKnownFileType = file.xib; path = SettingsViewController.xib; sourceTree = "<group>"; };
		62A945C32515482400BB4B70 /* Splitter.app */ = {isa = PBXFileReference; explicitFileType = wrapper.application; includeInIndex = 0; path = Splitter.app; sourceTree = BUILT_PRODUCTS_DIR; };
		62A945C62515482400BB4B70 /* AppDelegate.swift */ = {isa = PBXFileReference; lastKnownFileType = sourcecode.swift; path = AppDelegate.swift; sourceTree = "<group>"; };
		62A945C82515482400BB4B70 /* SceneDelegate.swift */ = {isa = PBXFileReference; lastKnownFileType = sourcecode.swift; path = SceneDelegate.swift; sourceTree = "<group>"; };
		62A945CA2515482400BB4B70 /* ViewController.swift */ = {isa = PBXFileReference; lastKnownFileType = sourcecode.swift; path = ViewController.swift; sourceTree = "<group>"; };
		62A945CD2515482400BB4B70 /* Base */ = {isa = PBXFileReference; lastKnownFileType = file.storyboard; name = Base; path = Base.lproj/Main.storyboard; sourceTree = "<group>"; };
		62A945CF2515482500BB4B70 /* Assets.xcassets */ = {isa = PBXFileReference; lastKnownFileType = folder.assetcatalog; path = Assets.xcassets; sourceTree = "<group>"; };
		62A945D22515482500BB4B70 /* Base */ = {isa = PBXFileReference; lastKnownFileType = file.storyboard; name = Base; path = Base.lproj/LaunchScreen.storyboard; sourceTree = "<group>"; };
		62A945D42515482500BB4B70 /* Info.plist */ = {isa = PBXFileReference; lastKnownFileType = text.plist.xml; path = Info.plist; sourceTree = "<group>"; };
		62A945D92515482500BB4B70 /* SplitterTests.xctest */ = {isa = PBXFileReference; explicitFileType = wrapper.cfbundle; includeInIndex = 0; path = SplitterTests.xctest; sourceTree = BUILT_PRODUCTS_DIR; };
		62A945DD2515482500BB4B70 /* Tip_appTests.swift */ = {isa = PBXFileReference; lastKnownFileType = sourcecode.swift; path = Tip_appTests.swift; sourceTree = "<group>"; };
		62A945DF2515482500BB4B70 /* Info.plist */ = {isa = PBXFileReference; lastKnownFileType = text.plist.xml; path = Info.plist; sourceTree = "<group>"; };
		62A945E42515482500BB4B70 /* SplitterUITests.xctest */ = {isa = PBXFileReference; explicitFileType = wrapper.cfbundle; includeInIndex = 0; path = SplitterUITests.xctest; sourceTree = BUILT_PRODUCTS_DIR; };
		62A945E82515482500BB4B70 /* Tip_appUITests.swift */ = {isa = PBXFileReference; lastKnownFileType = sourcecode.swift; path = Tip_appUITests.swift; sourceTree = "<group>"; };
		62A945EA2515482500BB4B70 /* Info.plist */ = {isa = PBXFileReference; lastKnownFileType = text.plist.xml; path = Info.plist; sourceTree = "<group>"; };
/* End PBXFileReference section */

/* Begin PBXFrameworksBuildPhase section */
		62A945C02515482300BB4B70 /* Frameworks */ = {
			isa = PBXFrameworksBuildPhase;
			buildActionMask = 2147483647;
			files = (
			);
			runOnlyForDeploymentPostprocessing = 0;
		};
		62A945D62515482500BB4B70 /* Frameworks */ = {
			isa = PBXFrameworksBuildPhase;
			buildActionMask = 2147483647;
			files = (
			);
			runOnlyForDeploymentPostprocessing = 0;
		};
		62A945E12515482500BB4B70 /* Frameworks */ = {
			isa = PBXFrameworksBuildPhase;
			buildActionMask = 2147483647;
			files = (
			);
			runOnlyForDeploymentPostprocessing = 0;
		};
/* End PBXFrameworksBuildPhase section */

/* Begin PBXGroup section */
		62A945BA2515482300BB4B70 = {
			isa = PBXGroup;
			children = (
				6244292A2518F3610083995B /* Launch Screen.storyboard */,
				628A59592517FABA007EB535 /* SettingsViewController.swift */,
				628A595A2517FABA007EB535 /* SettingsViewController.xib */,
				62A945C52515482400BB4B70 /* Tip app */,
				62A945DC2515482500BB4B70 /* Tip appTests */,
				62A945E72515482500BB4B70 /* Tip appUITests */,
				62A945C42515482400BB4B70 /* Products */,
			);
			sourceTree = "<group>";
		};
		62A945C42515482400BB4B70 /* Products */ = {
			isa = PBXGroup;
			children = (
				62A945C32515482400BB4B70 /* Splitter.app */,
				62A945D92515482500BB4B70 /* SplitterTests.xctest */,
				62A945E42515482500BB4B70 /* SplitterUITests.xctest */,
			);
			name = Products;
			sourceTree = "<group>";
		};
		62A945C52515482400BB4B70 /* Tip app */ = {
			isa = PBXGroup;
			children = (
				62A945C62515482400BB4B70 /* AppDelegate.swift */,
				62A945C82515482400BB4B70 /* SceneDelegate.swift */,
				62A945CA2515482400BB4B70 /* ViewController.swift */,
				62A945CC2515482400BB4B70 /* Main.storyboard */,
				62A945CF2515482500BB4B70 /* Assets.xcassets */,
				62A945D12515482500BB4B70 /* LaunchScreen.storyboard */,
				62A945D42515482500BB4B70 /* Info.plist */,
			);
			path = "Tip app";
			sourceTree = "<group>";
		};
		62A945DC2515482500BB4B70 /* Tip appTests */ = {
			isa = PBXGroup;
			children = (
				62A945DD2515482500BB4B70 /* Tip_appTests.swift */,
				62A945DF2515482500BB4B70 /* Info.plist */,
			);
			path = "Tip appTests";
			sourceTree = "<group>";
		};
		62A945E72515482500BB4B70 /* Tip appUITests */ = {
			isa = PBXGroup;
			children = (
				62A945E82515482500BB4B70 /* Tip_appUITests.swift */,
				62A945EA2515482500BB4B70 /* Info.plist */,
			);
			path = "Tip appUITests";
			sourceTree = "<group>";
		};
/* End PBXGroup section */

/* Begin PBXNativeTarget section */
		62A945C22515482300BB4B70 /* Splitter */ = {
			isa = PBXNativeTarget;
			buildConfigurationList = 62A945ED2515482500BB4B70 /* Build configuration list for PBXNativeTarget "Splitter" */;
			buildPhases = (
				62A945BF2515482300BB4B70 /* Sources */,
				62A945C02515482300BB4B70 /* Frameworks */,
				62A945C12515482300BB4B70 /* Resources */,
			);
			buildRules = (
			);
			dependencies = (
			);
			name = Splitter;
			productName = "Tip app";
			productReference = 62A945C32515482400BB4B70 /* Splitter.app */;
			productType = "com.apple.product-type.application";
		};
		62A945D82515482500BB4B70 /* SplitterTests */ = {
			isa = PBXNativeTarget;
			buildConfigurationList = 62A945F02515482500BB4B70 /* Build configuration list for PBXNativeTarget "SplitterTests" */;
			buildPhases = (
				62A945D52515482500BB4B70 /* Sources */,
				62A945D62515482500BB4B70 /* Frameworks */,
				62A945D72515482500BB4B70 /* Resources */,
			);
			buildRules = (
			);
			dependencies = (
				62A945DB2515482500BB4B70 /* PBXTargetDependency */,
			);
			name = SplitterTests;
			productName = "Tip appTests";
			productReference = 62A945D92515482500BB4B70 /* SplitterTests.xctest */;
			productType = "com.apple.product-type.bundle.unit-test";
		};
		62A945E32515482500BB4B70 /* SplitterUITests */ = {
			isa = PBXNativeTarget;
			buildConfigurationList = 62A945F32515482500BB4B70 /* Build configuration list for PBXNativeTarget "SplitterUITests" */;
			buildPhases = (
				62A945E02515482500BB4B70 /* Sources */,
				62A945E12515482500BB4B70 /* Frameworks */,
				62A945E22515482500BB4B70 /* Resources */,
			);
			buildRules = (
			);
			dependencies = (
				62A945E62515482500BB4B70 /* PBXTargetDependency */,
			);
			name = SplitterUITests;
			productName = "Tip appUITests";
			productReference = 62A945E42515482500BB4B70 /* SplitterUITests.xctest */;
			productType = "com.apple.product-type.bundle.ui-testing";
		};
/* End PBXNativeTarget section */

/* Begin PBXProject section */
		62A945BB2515482300BB4B70 /* Project object */ = {
			isa = PBXProject;
			attributes = {
				LastSwiftUpdateCheck = 1200;
				LastUpgradeCheck = 1200;
				TargetAttributes = {
					62A945C22515482300BB4B70 = {
						CreatedOnToolsVersion = 12.0;
					};
					62A945D82515482500BB4B70 = {
						CreatedOnToolsVersion = 12.0;
						TestTargetID = 62A945C22515482300BB4B70;
					};
					62A945E32515482500BB4B70 = {
						CreatedOnToolsVersion = 12.0;
						TestTargetID = 62A945C22515482300BB4B70;
					};
				};
			};
			buildConfigurationList = 62A945BE2515482300BB4B70 /* Build configuration list for PBXProject "Splitter" */;
			compatibilityVersion = "Xcode 9.3";
			developmentRegion = en;
			hasScannedForEncodings = 0;
			knownRegions = (
				en,
				Base,
			);
			mainGroup = 62A945BA2515482300BB4B70;
			productRefGroup = 62A945C42515482400BB4B70 /* Products */;
			projectDirPath = "";
			projectRoot = "";
			targets = (
				62A945C22515482300BB4B70 /* Splitter */,
				62A945D82515482500BB4B70 /* SplitterTests */,
				62A945E32515482500BB4B70 /* SplitterUITests */,
			);
		};
/* End PBXProject section */

/* Begin PBXResourcesBuildPhase section */
		62A945C12515482300BB4B70 /* Resources */ = {
			isa = PBXResourcesBuildPhase;
			buildActionMask = 2147483647;
			files = (
				62A945D32515482500BB4B70 /* LaunchScreen.storyboard in Resources */,
				62A945D02515482500BB4B70 /* Assets.xcassets in Resources */,
				62A945CE2515482400BB4B70 /* Main.storyboard in Resources */,
				6244292B2518F3610083995B /* Launch Screen.storyboard in Resources */,
				628A595C2517FABA007EB535 /* SettingsViewController.xib in Resources */,
			);
			runOnlyForDeploymentPostprocessing = 0;
		};
		62A945D72515482500BB4B70 /* Resources */ = {
			isa = PBXResourcesBuildPhase;
			buildActionMask = 2147483647;
			files = (
			);
			runOnlyForDeploymentPostprocessing = 0;
		};
		62A945E22515482500BB4B70 /* Resources */ = {
			isa = PBXResourcesBuildPhase;
			buildActionMask = 2147483647;
			files = (
			);
			runOnlyForDeploymentPostprocessing = 0;
		};
/* End PBXResourcesBuildPhase section */

/* Begin PBXSourcesBuildPhase section */
		62A945BF2515482300BB4B70 /* Sources */ = {
			isa = PBXSourcesBuildPhase;
			buildActionMask = 2147483647;
			files = (
				62A945CB2515482400BB4B70 /* ViewController.swift in Sources */,
				62A945C72515482400BB4B70 /* AppDelegate.swift in Sources */,
				62A945C92515482400BB4B70 /* SceneDelegate.swift in Sources */,
				628A595B2517FABA007EB535 /* SettingsViewController.swift in Sources */,
			);
			runOnlyForDeploymentPostprocessing = 0;
		};
		62A945D52515482500BB4B70 /* Sources */ = {
			isa = PBXSourcesBuildPhase;
			buildActionMask = 2147483647;
			files = (
				62A945DE2515482500BB4B70 /* Tip_appTests.swift in Sources */,
			);
			runOnlyForDeploymentPostprocessing = 0;
		};
		62A945E02515482500BB4B70 /* Sources */ = {
			isa = PBXSourcesBuildPhase;
			buildActionMask = 2147483647;
			files = (
				62A945E92515482500BB4B70 /* Tip_appUITests.swift in Sources */,
			);
			runOnlyForDeploymentPostprocessing = 0;
		};
/* End PBXSourcesBuildPhase section */

/* Begin PBXTargetDependency section */
		62A945DB2515482500BB4B70 /* PBXTargetDependency */ = {
			isa = PBXTargetDependency;
			target = 62A945C22515482300BB4B70 /* Splitter */;
			targetProxy = 62A945DA2515482500BB4B70 /* PBXContainerItemProxy */;
		};
		62A945E62515482500BB4B70 /* PBXTargetDependency */ = {
			isa = PBXTargetDependency;
			target = 62A945C22515482300BB4B70 /* Splitter */;
			targetProxy = 62A945E52515482500BB4B70 /* PBXContainerItemProxy */;
		};
/* End PBXTargetDependency section */

/* Begin PBXVariantGroup section */
		62A945CC2515482400BB4B70 /* Main.storyboard */ = {
			isa = PBXVariantGroup;
			children = (
				62A945CD2515482400BB4B70 /* Base */,
			);
			name = Main.storyboard;
			sourceTree = "<group>";
		};
		62A945D12515482500BB4B70 /* LaunchScreen.storyboard */ = {
			isa = PBXVariantGroup;
			children = (
				62A945D22515482500BB4B70 /* Base */,
			);
			name = LaunchScreen.storyboard;
			sourceTree = "<group>";
		};
/* End PBXVariantGroup section */

/* Begin XCBuildConfiguration section */
		62A945EB2515482500BB4B70 /* Debug */ = {
			isa = XCBuildConfiguration;
			buildSettings = {
				ALWAYS_SEARCH_USER_PATHS = NO;
				CLANG_ANALYZER_NONNULL = YES;
				CLANG_ANALYZER_NUMBER_OBJECT_CONVERSION = YES_AGGRESSIVE;
				CLANG_CXX_LANGUAGE_STANDARD = "gnu++14";
				CLANG_CXX_LIBRARY = "libc++";
				CLANG_ENABLE_MODULES = YES;
				CLANG_ENABLE_OBJC_ARC = YES;
				CLANG_ENABLE_OBJC_WEAK = YES;
				CLANG_WARN_BLOCK_CAPTURE_AUTORELEASING = YES;
				CLANG_WARN_BOOL_CONVERSION = YES;
				CLANG_WARN_COMMA = YES;
				CLANG_WARN_CONSTANT_CONVERSION = YES;
				CLANG_WARN_DEPRECATED_OBJC_IMPLEMENTATIONS = YES;
				CLANG_WARN_DIRECT_OBJC_ISA_USAGE = YES_ERROR;
				CLANG_WARN_DOCUMENTATION_COMMENTS = YES;
				CLANG_WARN_EMPTY_BODY = YES;
				CLANG_WARN_ENUM_CONVERSION = YES;
				CLANG_WARN_INFINITE_RECURSION = YES;
				CLANG_WARN_INT_CONVERSION = YES;
				CLANG_WARN_NON_LITERAL_NULL_CONVERSION = YES;
				CLANG_WARN_OBJC_IMPLICIT_RETAIN_SELF = YES;
				CLANG_WARN_OBJC_LITERAL_CONVERSION = YES;
				CLANG_WARN_OBJC_ROOT_CLASS = YES_ERROR;
				CLANG_WARN_QUOTED_INCLUDE_IN_FRAMEWORK_HEADER = YES;
				CLANG_WARN_RANGE_LOOP_ANALYSIS = YES;
				CLANG_WARN_STRICT_PROTOTYPES = YES;
				CLANG_WARN_SUSPICIOUS_MOVE = YES;
				CLANG_WARN_UNGUARDED_AVAILABILITY = YES_AGGRESSIVE;
				CLANG_WARN_UNREACHABLE_CODE = YES;
				CLANG_WARN__DUPLICATE_METHOD_MATCH = YES;
				COPY_PHASE_STRIP = NO;
				DEBUG_INFORMATION_FORMAT = dwarf;
				ENABLE_STRICT_OBJC_MSGSEND = YES;
				ENABLE_TESTABILITY = YES;
				GCC_C_LANGUAGE_STANDARD = gnu11;
				GCC_DYNAMIC_NO_PIC = NO;
				GCC_NO_COMMON_BLOCKS = YES;
				GCC_OPTIMIZATION_LEVEL = 0;
				GCC_PREPROCESSOR_DEFINITIONS = (
					"DEBUG=1",
					"$(inherited)",
				);
				GCC_WARN_64_TO_32_BIT_CONVERSION = YES;
				GCC_WARN_ABOUT_RETURN_TYPE = YES_ERROR;
				GCC_WARN_UNDECLARED_SELECTOR = YES;
				GCC_WARN_UNINITIALIZED_AUTOS = YES_AGGRESSIVE;
				GCC_WARN_UNUSED_FUNCTION = YES;
				GCC_WARN_UNUSED_VARIABLE = YES;
				IPHONEOS_DEPLOYMENT_TARGET = 14.0;
				MTL_ENABLE_DEBUG_INFO = INCLUDE_SOURCE;
				MTL_FAST_MATH = YES;
				ONLY_ACTIVE_ARCH = YES;
				SDKROOT = iphoneos;
				SWIFT_ACTIVE_COMPILATION_CONDITIONS = DEBUG;
				SWIFT_OPTIMIZATION_LEVEL = "-Onone";
			};
			name = Debug;
		};
		62A945EC2515482500BB4B70 /* Release */ = {
			isa = XCBuildConfiguration;
			buildSettings = {
				ALWAYS_SEARCH_USER_PATHS = NO;
				CLANG_ANALYZER_NONNULL = YES;
				CLANG_ANALYZER_NUMBER_OBJECT_CONVERSION = YES_AGGRESSIVE;
				CLANG_CXX_LANGUAGE_STANDARD = "gnu++14";
				CLANG_CXX_LIBRARY = "libc++";
				CLANG_ENABLE_MODULES = YES;
				CLANG_ENABLE_OBJC_ARC = YES;
				CLANG_ENABLE_OBJC_WEAK = YES;
				CLANG_WARN_BLOCK_CAPTURE_AUTORELEASING = YES;
				CLANG_WARN_BOOL_CONVERSION = YES;
				CLANG_WARN_COMMA = YES;
				CLANG_WARN_CONSTANT_CONVERSION = YES;
				CLANG_WARN_DEPRECATED_OBJC_IMPLEMENTATIONS = YES;
				CLANG_WARN_DIRECT_OBJC_ISA_USAGE = YES_ERROR;
				CLANG_WARN_DOCUMENTATION_COMMENTS = YES;
				CLANG_WARN_EMPTY_BODY = YES;
				CLANG_WARN_ENUM_CONVERSION = YES;
				CLANG_WARN_INFINITE_RECURSION = YES;
				CLANG_WARN_INT_CONVERSION = YES;
				CLANG_WARN_NON_LITERAL_NULL_CONVERSION = YES;
				CLANG_WARN_OBJC_IMPLICIT_RETAIN_SELF = YES;
				CLANG_WARN_OBJC_LITERAL_CONVERSION = YES;
				CLANG_WARN_OBJC_ROOT_CLASS = YES_ERROR;
				CLANG_WARN_QUOTED_INCLUDE_IN_FRAMEWORK_HEADER = YES;
				CLANG_WARN_RANGE_LOOP_ANALYSIS = YES;
				CLANG_WARN_STRICT_PROTOTYPES = YES;
				CLANG_WARN_SUSPICIOUS_MOVE = YES;
				CLANG_WARN_UNGUARDED_AVAILABILITY = YES_AGGRESSIVE;
				CLANG_WARN_UNREACHABLE_CODE = YES;
				CLANG_WARN__DUPLICATE_METHOD_MATCH = YES;
				COPY_PHASE_STRIP = NO;
				DEBUG_INFORMATION_FORMAT = "dwarf-with-dsym";
				ENABLE_NS_ASSERTIONS = NO;
				ENABLE_STRICT_OBJC_MSGSEND = YES;
				GCC_C_LANGUAGE_STANDARD = gnu11;
				GCC_NO_COMMON_BLOCKS = YES;
				GCC_WARN_64_TO_32_BIT_CONVERSION = YES;
				GCC_WARN_ABOUT_RETURN_TYPE = YES_ERROR;
				GCC_WARN_UNDECLARED_SELECTOR = YES;
				GCC_WARN_UNINITIALIZED_AUTOS = YES_AGGRESSIVE;
				GCC_WARN_UNUSED_FUNCTION = YES;
				GCC_WARN_UNUSED_VARIABLE = YES;
				IPHONEOS_DEPLOYMENT_TARGET = 14.0;
				MTL_ENABLE_DEBUG_INFO = NO;
				MTL_FAST_MATH = YES;
				SDKROOT = iphoneos;
				SWIFT_COMPILATION_MODE = wholemodule;
				SWIFT_OPTIMIZATION_LEVEL = "-O";
				VALIDATE_PRODUCT = YES;
			};
			name = Release;
		};
		62A945EE2515482500BB4B70 /* Debug */ = {
			isa = XCBuildConfiguration;
			buildSettings = {
				ASSETCATALOG_COMPILER_APPICON_NAME = AppIcon;
				ASSETCATALOG_COMPILER_GLOBAL_ACCENT_COLOR_NAME = AccentColor;
				CODE_SIGN_STYLE = Automatic;
				DEVELOPMENT_TEAM = 8MHV9PDY5P;
				INFOPLIST_FILE = "Tip app/Info.plist";
				LD_RUNPATH_SEARCH_PATHS = (
					"$(inherited)",
					"@executable_path/Frameworks",
				);
				PRODUCT_BUNDLE_IDENTIFIER = "Codepath.Tip-app";
				PRODUCT_NAME = "$(TARGET_NAME)";
				SWIFT_VERSION = 5.0;
				TARGETED_DEVICE_FAMILY = "1,2";
			};
			name = Debug;
		};
		62A945EF2515482500BB4B70 /* Release */ = {
			isa = XCBuildConfiguration;
			buildSettings = {
				ASSETCATALOG_COMPILER_APPICON_NAME = AppIcon;
				ASSETCATALOG_COMPILER_GLOBAL_ACCENT_COLOR_NAME = AccentColor;
				CODE_SIGN_STYLE = Automatic;
				DEVELOPMENT_TEAM = 8MHV9PDY5P;
				INFOPLIST_FILE = "Tip app/Info.plist";
				LD_RUNPATH_SEARCH_PATHS = (
					"$(inherited)",
					"@executable_path/Frameworks",
				);
				PRODUCT_BUNDLE_IDENTIFIER = "Codepath.Tip-app";
				PRODUCT_NAME = "$(TARGET_NAME)";
				SWIFT_VERSION = 5.0;
				TARGETED_DEVICE_FAMILY = "1,2";
			};
			name = Release;
		};
		62A945F12515482500BB4B70 /* Debug */ = {
			isa = XCBuildConfiguration;
			buildSettings = {
				ALWAYS_EMBED_SWIFT_STANDARD_LIBRARIES = YES;
				BUNDLE_LOADER = "$(TEST_HOST)";
				CODE_SIGN_STYLE = Automatic;
				INFOPLIST_FILE = "Tip appTests/Info.plist";
				IPHONEOS_DEPLOYMENT_TARGET = 14.0;
				LD_RUNPATH_SEARCH_PATHS = (
					"$(inherited)",
					"@executable_path/Frameworks",
					"@loader_path/Frameworks",
				);
				PRODUCT_BUNDLE_IDENTIFIER = "Codepath.Tip-appTests";
				PRODUCT_NAME = "$(TARGET_NAME)";
				SWIFT_VERSION = 5.0;
				TARGETED_DEVICE_FAMILY = "1,2";
				TEST_HOST = "$(BUILT_PRODUCTS_DIR)/Splitter.app/Splitter";
			};
			name = Debug;
		};
		62A945F22515482500BB4B70 /* Release */ = {
			isa = XCBuildConfiguration;
			buildSettings = {
				ALWAYS_EMBED_SWIFT_STANDARD_LIBRARIES = YES;
				BUNDLE_LOADER = "$(TEST_HOST)";
				CODE_SIGN_STYLE = Automatic;
				INFOPLIST_FILE = "Tip appTests/Info.plist";
				IPHONEOS_DEPLOYMENT_TARGET = 14.0;
				LD_RUNPATH_SEARCH_PATHS = (
					"$(inherited)",
					"@executable_path/Frameworks",
					"@loader_path/Frameworks",
				);
				PRODUCT_BUNDLE_IDENTIFIER = "Codepath.Tip-appTests";
				PRODUCT_NAME = "$(TARGET_NAME)";
				SWIFT_VERSION = 5.0;
				TARGETED_DEVICE_FAMILY = "1,2";
				TEST_HOST = "$(BUILT_PRODUCTS_DIR)/Splitter.app/Splitter";
			};
			name = Release;
		};
		62A945F42515482500BB4B70 /* Debug */ = {
			isa = XCBuildConfiguration;
			buildSettings = {
				ALWAYS_EMBED_SWIFT_STANDARD_LIBRARIES = YES;
				CODE_SIGN_STYLE = Automatic;
				INFOPLIST_FILE = "Tip appUITests/Info.plist";
				LD_RUNPATH_SEARCH_PATHS = (
					"$(inherited)",
					"@executable_path/Frameworks",
					"@loader_path/Frameworks",
				);
				PRODUCT_BUNDLE_IDENTIFIER = "Codepath.Tip-appUITests";
				PRODUCT_NAME = "$(TARGET_NAME)";
				SWIFT_VERSION = 5.0;
				TARGETED_DEVICE_FAMILY = "1,2";
				TEST_TARGET_NAME = "Tip app";
			};
			name = Debug;
		};
		62A945F52515482500BB4B70 /* Release */ = {
			isa = XCBuildConfiguration;
			buildSettings = {
				ALWAYS_EMBED_SWIFT_STANDARD_LIBRARIES = YES;
				CODE_SIGN_STYLE = Automatic;
				INFOPLIST_FILE = "Tip appUITests/Info.plist";
				LD_RUNPATH_SEARCH_PATHS = (
					"$(inherited)",
					"@executable_path/Frameworks",
					"@loader_path/Frameworks",
				);
				PRODUCT_BUNDLE_IDENTIFIER = "Codepath.Tip-appUITests";
				PRODUCT_NAME = "$(TARGET_NAME)";
				SWIFT_VERSION = 5.0;
				TARGETED_DEVICE_FAMILY = "1,2";
				TEST_TARGET_NAME = "Tip app";
			};
			name = Release;
		};
/* End XCBuildConfiguration section */

/* Begin XCConfigurationList section */
		62A945BE2515482300BB4B70 /* Build configuration list for PBXProject "Splitter" */ = {
			isa = XCConfigurationList;
			buildConfigurations = (
				62A945EB2515482500BB4B70 /* Debug */,
				62A945EC2515482500BB4B70 /* Release */,
			);
			defaultConfigurationIsVisible = 0;
			defaultConfigurationName = Release;
		};
		62A945ED2515482500BB4B70 /* Build configuration list for PBXNativeTarget "Splitter" */ = {
			isa = XCConfigurationList;
			buildConfigurations = (
				62A945EE2515482500BB4B70 /* Debug */,
				62A945EF2515482500BB4B70 /* Release */,
			);
			defaultConfigurationIsVisible = 0;
			defaultConfigurationName = Release;
		};
		62A945F02515482500BB4B70 /* Build configuration list for PBXNativeTarget "SplitterTests" */ = {
			isa = XCConfigurationList;
			buildConfigurations = (
				62A945F12515482500BB4B70 /* Debug */,
				62A945F22515482500BB4B70 /* Release */,
			);
			defaultConfigurationIsVisible = 0;
			defaultConfigurationName = Release;
		};
		62A945F32515482500BB4B70 /* Build configuration list for PBXNativeTarget "SplitterUITests" */ = {
			isa = XCConfigurationList;
			buildConfigurations = (
				62A945F42515482500BB4B70 /* Debug */,
				62A945F52515482500BB4B70 /* Release */,
			);
			defaultConfigurationIsVisible = 0;
			defaultConfigurationName = Release;
		};
/* End XCConfigurationList section */
	};
	rootObject = 62A945BB2515482300BB4B70 /* Project object */;
}
